// !$*UTF8*$!
{
	archiveVersion = 1;
	classes = {
	};
	objectVersion = 47;
	objects = {

/* Begin PBXBuildFile section */
		2358DE9A1CB6C21000F3BF80 /* SearchOptions.swift in Sources */ = {isa = PBXBuildFile; fileRef = 2358DE991CB6C21000F3BF80 /* SearchOptions.swift */; };
		2358DE9C1CB6C5EF00F3BF80 /* SortBy.swift in Sources */ = {isa = PBXBuildFile; fileRef = 2358DE9B1CB6C5EF00F3BF80 /* SortBy.swift */; };
		2358DE9E1CB6C60A00F3BF80 /* ResultsFormat.swift in Sources */ = {isa = PBXBuildFile; fileRef = 2358DE9D1CB6C60A00F3BF80 /* ResultsFormat.swift */; };
		23794CD11CBC2ADC00399C7F /* SearchRequest.swift in Sources */ = {isa = PBXBuildFile; fileRef = 23794CCC1CBC2ADC00399C7F /* SearchRequest.swift */; };
		23794CD21CBC2ADC00399C7F /* SearchResponse.swift in Sources */ = {isa = PBXBuildFile; fileRef = 23794CCD1CBC2ADC00399C7F /* SearchResponse.swift */; };
		23794CD31CBC2ADC00399C7F /* SearchResponseItem.swift in Sources */ = {isa = PBXBuildFile; fileRef = 23794CCE1CBC2ADC00399C7F /* SearchResponseItem.swift */; };
		23794CD41CBC2ADC00399C7F /* SearchResponseList.swift in Sources */ = {isa = PBXBuildFile; fileRef = 23794CCF1CBC2ADC00399C7F /* SearchResponseList.swift */; };
		23794CD71CBC2B1A00399C7F /* SearchResult.swift in Sources */ = {isa = PBXBuildFile; fileRef = 23794CD61CBC2B1A00399C7F /* SearchResult.swift */; };
		23794CDB1CBC319400399C7F /* Cartfile in Resources */ = {isa = PBXBuildFile; fileRef = 23794CDA1CBC319400399C7F /* Cartfile */; };
		23794CDD1CBC33B800399C7F /* ObjectMapper.framework in Frameworks */ = {isa = PBXBuildFile; fileRef = 23794CDC1CBC33B800399C7F /* ObjectMapper.framework */; };
		23794CDE1CBC33B800399C7F /* ObjectMapper.framework in Embed Frameworks */ = {isa = PBXBuildFile; fileRef = 23794CDC1CBC33B800399C7F /* ObjectMapper.framework */; settings = {ATTRIBUTES = (CodeSignOnCopy, RemoveHeadersOnCopy, ); }; };
		23FD39891CB2CF0D00C8B4A8 /* AppDelegate.swift in Sources */ = {isa = PBXBuildFile; fileRef = 23FD39881CB2CF0D00C8B4A8 /* AppDelegate.swift */; };
		23FD398B1CB2CF0D00C8B4A8 /* ViewController.swift in Sources */ = {isa = PBXBuildFile; fileRef = 23FD398A1CB2CF0D00C8B4A8 /* ViewController.swift */; };
		23FD398E1CB2CF0D00C8B4A8 /* Main.storyboard in Resources */ = {isa = PBXBuildFile; fileRef = 23FD398C1CB2CF0D00C8B4A8 /* Main.storyboard */; };
		23FD39911CB2CF0D00C8B4A8 /* Nosh.xcdatamodeld in Sources */ = {isa = PBXBuildFile; fileRef = 23FD398F1CB2CF0D00C8B4A8 /* Nosh.xcdatamodeld */; };
		23FD39931CB2CF0D00C8B4A8 /* Assets.xcassets in Resources */ = {isa = PBXBuildFile; fileRef = 23FD39921CB2CF0D00C8B4A8 /* Assets.xcassets */; };
		23FD39961CB2CF0D00C8B4A8 /* LaunchScreen.storyboard in Resources */ = {isa = PBXBuildFile; fileRef = 23FD39941CB2CF0D00C8B4A8 /* LaunchScreen.storyboard */; };
		23FD39A11CB2CF0D00C8B4A8 /* NoshTests.swift in Sources */ = {isa = PBXBuildFile; fileRef = 23FD39A01CB2CF0D00C8B4A8 /* NoshTests.swift */; };
		23FD39AC1CB2CF0D00C8B4A8 /* NoshUITests.swift in Sources */ = {isa = PBXBuildFile; fileRef = 23FD39AB1CB2CF0D00C8B4A8 /* NoshUITests.swift */; };
		23FD39BB1CB2D3C800C8B4A8 /* Feedbag.swift in Sources */ = {isa = PBXBuildFile; fileRef = 23FD39BA1CB2D3C800C8B4A8 /* Feedbag.swift */; };
		23FD39BE1CB2D41C00C8B4A8 /* FeedbagTests.swift in Sources */ = {isa = PBXBuildFile; fileRef = 23FD39BD1CB2D41C00C8B4A8 /* FeedbagTests.swift */; };
/* End PBXBuildFile section */

/* Begin PBXContainerItemProxy section */
		23FD399D1CB2CF0D00C8B4A8 /* PBXContainerItemProxy */ = {
			isa = PBXContainerItemProxy;
			containerPortal = 23FD397D1CB2CF0D00C8B4A8 /* Project object */;
			proxyType = 1;
			remoteGlobalIDString = 23FD39841CB2CF0D00C8B4A8;
			remoteInfo = Nosh;
		};
		23FD39A81CB2CF0D00C8B4A8 /* PBXContainerItemProxy */ = {
			isa = PBXContainerItemProxy;
			containerPortal = 23FD397D1CB2CF0D00C8B4A8 /* Project object */;
			proxyType = 1;
			remoteGlobalIDString = 23FD39841CB2CF0D00C8B4A8;
			remoteInfo = Nosh;
		};
/* End PBXContainerItemProxy section */

/* Begin PBXCopyFilesBuildPhase section */
		23794CDF1CBC33B800399C7F /* Embed Frameworks */ = {
			isa = PBXCopyFilesBuildPhase;
			buildActionMask = 2147483647;
			dstPath = "";
			dstSubfolderSpec = 10;
			files = (
				23794CDE1CBC33B800399C7F /* ObjectMapper.framework in Embed Frameworks */,
			);
			name = "Embed Frameworks";
			runOnlyForDeploymentPostprocessing = 0;
		};
/* End PBXCopyFilesBuildPhase section */

/* Begin PBXFileReference section */
		2358DE991CB6C21000F3BF80 /* SearchOptions.swift */ = {isa = PBXFileReference; fileEncoding = 4; lastKnownFileType = sourcecode.swift; name = SearchOptions.swift; path = Feedbag/SearchOptions.swift; sourceTree = "<group>"; };
		2358DE9B1CB6C5EF00F3BF80 /* SortBy.swift */ = {isa = PBXFileReference; fileEncoding = 4; lastKnownFileType = sourcecode.swift; name = SortBy.swift; path = Feedbag/SortBy.swift; sourceTree = "<group>"; };
		2358DE9D1CB6C60A00F3BF80 /* ResultsFormat.swift */ = {isa = PBXFileReference; fileEncoding = 4; lastKnownFileType = sourcecode.swift; name = ResultsFormat.swift; path = Feedbag/ResultsFormat.swift; sourceTree = "<group>"; };
		23794CCC1CBC2ADC00399C7F /* SearchRequest.swift */ = {isa = PBXFileReference; fileEncoding = 4; lastKnownFileType = sourcecode.swift; name = SearchRequest.swift; path = Feedbag/JSON/SearchRequest.swift; sourceTree = "<group>"; };
		23794CCD1CBC2ADC00399C7F /* SearchResponse.swift */ = {isa = PBXFileReference; fileEncoding = 4; lastKnownFileType = sourcecode.swift; name = SearchResponse.swift; path = Feedbag/JSON/SearchResponse.swift; sourceTree = "<group>"; };
		23794CCE1CBC2ADC00399C7F /* SearchResponseItem.swift */ = {isa = PBXFileReference; fileEncoding = 4; lastKnownFileType = sourcecode.swift; name = SearchResponseItem.swift; path = Feedbag/JSON/SearchResponseItem.swift; sourceTree = "<group>"; };
		23794CCF1CBC2ADC00399C7F /* SearchResponseList.swift */ = {isa = PBXFileReference; fileEncoding = 4; lastKnownFileType = sourcecode.swift; name = SearchResponseList.swift; path = Feedbag/JSON/SearchResponseList.swift; sourceTree = "<group>"; };
		23794CD61CBC2B1A00399C7F /* SearchResult.swift */ = {isa = PBXFileReference; fileEncoding = 4; lastKnownFileType = sourcecode.swift; name = SearchResult.swift; path = Feedbag/SearchResult.swift; sourceTree = "<group>"; };
		23794CDA1CBC319400399C7F /* Cartfile */ = {isa = PBXFileReference; fileEncoding = 4; lastKnownFileType = text; path = Cartfile; sourceTree = "<group>"; };
		23794CDC1CBC33B800399C7F /* ObjectMapper.framework */ = {isa = PBXFileReference; lastKnownFileType = wrapper.framework; name = ObjectMapper.framework; path = Carthage/Build/iOS/ObjectMapper.framework; sourceTree = "<group>"; };
		23FD39851CB2CF0D00C8B4A8 /* Nosh.app */ = {isa = PBXFileReference; explicitFileType = wrapper.application; includeInIndex = 0; path = Nosh.app; sourceTree = BUILT_PRODUCTS_DIR; };
		23FD39881CB2CF0D00C8B4A8 /* AppDelegate.swift */ = {isa = PBXFileReference; lastKnownFileType = sourcecode.swift; path = AppDelegate.swift; sourceTree = "<group>"; };
		23FD398A1CB2CF0D00C8B4A8 /* ViewController.swift */ = {isa = PBXFileReference; lastKnownFileType = sourcecode.swift; path = ViewController.swift; sourceTree = "<group>"; };
		23FD398D1CB2CF0D00C8B4A8 /* Base */ = {isa = PBXFileReference; lastKnownFileType = file.storyboard; name = Base; path = Base.lproj/Main.storyboard; sourceTree = "<group>"; };
		23FD39901CB2CF0D00C8B4A8 /* Nosh.xcdatamodel */ = {isa = PBXFileReference; lastKnownFileType = wrapper.xcdatamodel; path = Nosh.xcdatamodel; sourceTree = "<group>"; };
		23FD39921CB2CF0D00C8B4A8 /* Assets.xcassets */ = {isa = PBXFileReference; lastKnownFileType = folder.assetcatalog; path = Assets.xcassets; sourceTree = "<group>"; };
		23FD39951CB2CF0D00C8B4A8 /* Base */ = {isa = PBXFileReference; lastKnownFileType = file.storyboard; name = Base; path = Base.lproj/LaunchScreen.storyboard; sourceTree = "<group>"; };
		23FD39971CB2CF0D00C8B4A8 /* Info.plist */ = {isa = PBXFileReference; lastKnownFileType = text.plist.xml; path = Info.plist; sourceTree = "<group>"; };
		23FD399C1CB2CF0D00C8B4A8 /* NoshTests.xctest */ = {isa = PBXFileReference; explicitFileType = wrapper.cfbundle; includeInIndex = 0; path = NoshTests.xctest; sourceTree = BUILT_PRODUCTS_DIR; };
		23FD39A01CB2CF0D00C8B4A8 /* NoshTests.swift */ = {isa = PBXFileReference; lastKnownFileType = sourcecode.swift; path = NoshTests.swift; sourceTree = "<group>"; };
		23FD39A21CB2CF0D00C8B4A8 /* Info.plist */ = {isa = PBXFileReference; lastKnownFileType = text.plist.xml; path = Info.plist; sourceTree = "<group>"; };
		23FD39A71CB2CF0D00C8B4A8 /* NoshUITests.xctest */ = {isa = PBXFileReference; explicitFileType = wrapper.cfbundle; includeInIndex = 0; path = NoshUITests.xctest; sourceTree = BUILT_PRODUCTS_DIR; };
		23FD39AB1CB2CF0D00C8B4A8 /* NoshUITests.swift */ = {isa = PBXFileReference; lastKnownFileType = sourcecode.swift; path = NoshUITests.swift; sourceTree = "<group>"; };
		23FD39AD1CB2CF0D00C8B4A8 /* Info.plist */ = {isa = PBXFileReference; lastKnownFileType = text.plist.xml; path = Info.plist; sourceTree = "<group>"; };
		23FD39BA1CB2D3C800C8B4A8 /* Feedbag.swift */ = {isa = PBXFileReference; fileEncoding = 4; lastKnownFileType = sourcecode.swift; name = Feedbag.swift; path = Feedbag/Feedbag.swift; sourceTree = "<group>"; };
		23FD39BD1CB2D41C00C8B4A8 /* FeedbagTests.swift */ = {isa = PBXFileReference; fileEncoding = 4; lastKnownFileType = sourcecode.swift; name = FeedbagTests.swift; path = FeedbagTests/FeedbagTests.swift; sourceTree = "<group>"; };
/* End PBXFileReference section */

/* Begin PBXFrameworksBuildPhase section */
		23FD39821CB2CF0D00C8B4A8 /* Frameworks */ = {
			isa = PBXFrameworksBuildPhase;
			buildActionMask = 2147483647;
			files = (
				23794CDD1CBC33B800399C7F /* ObjectMapper.framework in Frameworks */,
			);
			runOnlyForDeploymentPostprocessing = 0;
		};
		23FD39991CB2CF0D00C8B4A8 /* Frameworks */ = {
			isa = PBXFrameworksBuildPhase;
			buildActionMask = 2147483647;
			files = (
			);
			runOnlyForDeploymentPostprocessing = 0;
		};
		23FD39A41CB2CF0D00C8B4A8 /* Frameworks */ = {
			isa = PBXFrameworksBuildPhase;
			buildActionMask = 2147483647;
			files = (
			);
			runOnlyForDeploymentPostprocessing = 0;
		};
/* End PBXFrameworksBuildPhase section */

/* Begin PBXGroup section */
		23E403961CB7012C001DFD72 /* JSON */ = {
			isa = PBXGroup;
			children = (
				23794CCC1CBC2ADC00399C7F /* SearchRequest.swift */,
				23794CCD1CBC2ADC00399C7F /* SearchResponse.swift */,
				23794CCE1CBC2ADC00399C7F /* SearchResponseItem.swift */,
				23794CCF1CBC2ADC00399C7F /* SearchResponseList.swift */,
			);
			name = JSON;
			sourceTree = "<group>";
		};
		23FD397C1CB2CF0D00C8B4A8 = {
			isa = PBXGroup;
			children = (
				23794CDC1CBC33B800399C7F /* ObjectMapper.framework */,
				23794CDA1CBC319400399C7F /* Cartfile */,
				23FD39BC1CB2D3F100C8B4A8 /* FeedbagTests */,
				23FD39B91CB2D39A00C8B4A8 /* Feedbag */,
				23FD39871CB2CF0D00C8B4A8 /* Nosh */,
				23FD399F1CB2CF0D00C8B4A8 /* NoshTests */,
				23FD39AA1CB2CF0D00C8B4A8 /* NoshUITests */,
				23FD39861CB2CF0D00C8B4A8 /* Products */,
			);
			sourceTree = "<group>";
		};
		23FD39861CB2CF0D00C8B4A8 /* Products */ = {
			isa = PBXGroup;
			children = (
				23FD39851CB2CF0D00C8B4A8 /* Nosh.app */,
				23FD399C1CB2CF0D00C8B4A8 /* NoshTests.xctest */,
				23FD39A71CB2CF0D00C8B4A8 /* NoshUITests.xctest */,
			);
			name = Products;
			sourceTree = "<group>";
		};
		23FD39871CB2CF0D00C8B4A8 /* Nosh */ = {
			isa = PBXGroup;
			children = (
				23FD39881CB2CF0D00C8B4A8 /* AppDelegate.swift */,
				23FD398A1CB2CF0D00C8B4A8 /* ViewController.swift */,
				23FD398C1CB2CF0D00C8B4A8 /* Main.storyboard */,
				23FD39921CB2CF0D00C8B4A8 /* Assets.xcassets */,
				23FD39941CB2CF0D00C8B4A8 /* LaunchScreen.storyboard */,
				23FD39971CB2CF0D00C8B4A8 /* Info.plist */,
				23FD398F1CB2CF0D00C8B4A8 /* Nosh.xcdatamodeld */,
			);
			path = Nosh;
			sourceTree = "<group>";
		};
		23FD399F1CB2CF0D00C8B4A8 /* NoshTests */ = {
			isa = PBXGroup;
			children = (
				23FD39A01CB2CF0D00C8B4A8 /* NoshTests.swift */,
				23FD39A21CB2CF0D00C8B4A8 /* Info.plist */,
			);
			path = NoshTests;
			sourceTree = "<group>";
		};
		23FD39AA1CB2CF0D00C8B4A8 /* NoshUITests */ = {
			isa = PBXGroup;
			children = (
				23FD39AB1CB2CF0D00C8B4A8 /* NoshUITests.swift */,
				23FD39AD1CB2CF0D00C8B4A8 /* Info.plist */,
			);
			path = NoshUITests;
			sourceTree = "<group>";
		};
		23FD39B91CB2D39A00C8B4A8 /* Feedbag */ = {
			isa = PBXGroup;
			children = (
				23E403961CB7012C001DFD72 /* JSON */,
				23FD39BA1CB2D3C800C8B4A8 /* Feedbag.swift */,
				2358DE991CB6C21000F3BF80 /* SearchOptions.swift */,
				2358DE9B1CB6C5EF00F3BF80 /* SortBy.swift */,
				2358DE9D1CB6C60A00F3BF80 /* ResultsFormat.swift */,
				23794CD61CBC2B1A00399C7F /* SearchResult.swift */,
			);
			name = Feedbag;
			sourceTree = "<group>";
		};
		23FD39BC1CB2D3F100C8B4A8 /* FeedbagTests */ = {
			isa = PBXGroup;
			children = (
				23FD39BD1CB2D41C00C8B4A8 /* FeedbagTests.swift */,
			);
			name = FeedbagTests;
			sourceTree = "<group>";
		};
/* End PBXGroup section */

/* Begin PBXNativeTarget section */
		23FD39841CB2CF0D00C8B4A8 /* Nosh */ = {
			isa = PBXNativeTarget;
			buildConfigurationList = 23FD39B01CB2CF0D00C8B4A8 /* Build configuration list for PBXNativeTarget "Nosh" */;
			buildPhases = (
				23FD39811CB2CF0D00C8B4A8 /* Sources */,
				23FD39821CB2CF0D00C8B4A8 /* Frameworks */,
				23FD39831CB2CF0D00C8B4A8 /* Resources */,
				23794CDF1CBC33B800399C7F /* Embed Frameworks */,
			);
			buildRules = (
			);
			dependencies = (
			);
			name = Nosh;
			productName = Nosh;
			productReference = 23FD39851CB2CF0D00C8B4A8 /* Nosh.app */;
			productType = "com.apple.product-type.application";
		};
		23FD399B1CB2CF0D00C8B4A8 /* NoshTests */ = {
			isa = PBXNativeTarget;
			buildConfigurationList = 23FD39B31CB2CF0D00C8B4A8 /* Build configuration list for PBXNativeTarget "NoshTests" */;
			buildPhases = (
				23FD39981CB2CF0D00C8B4A8 /* Sources */,
				23FD39991CB2CF0D00C8B4A8 /* Frameworks */,
				23FD399A1CB2CF0D00C8B4A8 /* Resources */,
			);
			buildRules = (
			);
			dependencies = (
				23FD399E1CB2CF0D00C8B4A8 /* PBXTargetDependency */,
			);
			name = NoshTests;
			productName = NoshTests;
			productReference = 23FD399C1CB2CF0D00C8B4A8 /* NoshTests.xctest */;
			productType = "com.apple.product-type.bundle.unit-test";
		};
		23FD39A61CB2CF0D00C8B4A8 /* NoshUITests */ = {
			isa = PBXNativeTarget;
			buildConfigurationList = 23FD39B61CB2CF0D00C8B4A8 /* Build configuration list for PBXNativeTarget "NoshUITests" */;
			buildPhases = (
				23FD39A31CB2CF0D00C8B4A8 /* Sources */,
				23FD39A41CB2CF0D00C8B4A8 /* Frameworks */,
				23FD39A51CB2CF0D00C8B4A8 /* Resources */,
			);
			buildRules = (
			);
			dependencies = (
				23FD39A91CB2CF0D00C8B4A8 /* PBXTargetDependency */,
			);
			name = NoshUITests;
			productName = NoshUITests;
			productReference = 23FD39A71CB2CF0D00C8B4A8 /* NoshUITests.xctest */;
			productType = "com.apple.product-type.bundle.ui-testing";
		};
/* End PBXNativeTarget section */

/* Begin PBXProject section */
		23FD397D1CB2CF0D00C8B4A8 /* Project object */ = {
			isa = PBXProject;
			attributes = {
				LastSwiftUpdateCheck = 0730;
				LastUpgradeCheck = 0730;
				ORGANIZATIONNAME = Falquan;
				TargetAttributes = {
					23FD39841CB2CF0D00C8B4A8 = {
						CreatedOnToolsVersion = 7.3;
						DevelopmentTeam = DYK5XJLSL5;
					};
					23FD399B1CB2CF0D00C8B4A8 = {
						CreatedOnToolsVersion = 7.3;
						TestTargetID = 23FD39841CB2CF0D00C8B4A8;
					};
					23FD39A61CB2CF0D00C8B4A8 = {
						CreatedOnToolsVersion = 7.3;
						TestTargetID = 23FD39841CB2CF0D00C8B4A8;
					};
				};
			};
			buildConfigurationList = 23FD39801CB2CF0D00C8B4A8 /* Build configuration list for PBXProject "Nosh" */;
			compatibilityVersion = "Xcode 6.3";
			developmentRegion = English;
			hasScannedForEncodings = 0;
			knownRegions = (
				en,
				Base,
			);
			mainGroup = 23FD397C1CB2CF0D00C8B4A8;
			productRefGroup = 23FD39861CB2CF0D00C8B4A8 /* Products */;
			projectDirPath = "";
			projectRoot = "";
			targets = (
				23FD39841CB2CF0D00C8B4A8 /* Nosh */,
				23FD399B1CB2CF0D00C8B4A8 /* NoshTests */,
				23FD39A61CB2CF0D00C8B4A8 /* NoshUITests */,
			);
		};
/* End PBXProject section */

/* Begin PBXResourcesBuildPhase section */
		23FD39831CB2CF0D00C8B4A8 /* Resources */ = {
			isa = PBXResourcesBuildPhase;
			buildActionMask = 2147483647;
			files = (
				23FD39961CB2CF0D00C8B4A8 /* LaunchScreen.storyboard in Resources */,
				23FD39931CB2CF0D00C8B4A8 /* Assets.xcassets in Resources */,
				23794CDB1CBC319400399C7F /* Cartfile in Resources */,
				23FD398E1CB2CF0D00C8B4A8 /* Main.storyboard in Resources */,
			);
			runOnlyForDeploymentPostprocessing = 0;
		};
		23FD399A1CB2CF0D00C8B4A8 /* Resources */ = {
			isa = PBXResourcesBuildPhase;
			buildActionMask = 2147483647;
			files = (
			);
			runOnlyForDeploymentPostprocessing = 0;
		};
		23FD39A51CB2CF0D00C8B4A8 /* Resources */ = {
			isa = PBXResourcesBuildPhase;
			buildActionMask = 2147483647;
			files = (
			);
			runOnlyForDeploymentPostprocessing = 0;
		};
/* End PBXResourcesBuildPhase section */

/* Begin PBXSourcesBuildPhase section */
		23FD39811CB2CF0D00C8B4A8 /* Sources */ = {
			isa = PBXSourcesBuildPhase;
			buildActionMask = 2147483647;
			files = (
				23794CD41CBC2ADC00399C7F /* SearchResponseList.swift in Sources */,
				2358DE9A1CB6C21000F3BF80 /* SearchOptions.swift in Sources */,
				2358DE9E1CB6C60A00F3BF80 /* ResultsFormat.swift in Sources */,
				23FD39BE1CB2D41C00C8B4A8 /* FeedbagTests.swift in Sources */,
				23794CD31CBC2ADC00399C7F /* SearchResponseItem.swift in Sources */,
				23FD398B1CB2CF0D00C8B4A8 /* ViewController.swift in Sources */,
				23FD39BB1CB2D3C800C8B4A8 /* Feedbag.swift in Sources */,
				23794CD71CBC2B1A00399C7F /* SearchResult.swift in Sources */,
				23FD39911CB2CF0D00C8B4A8 /* Nosh.xcdatamodeld in Sources */,
				23794CD21CBC2ADC00399C7F /* SearchResponse.swift in Sources */,
				23794CD11CBC2ADC00399C7F /* SearchRequest.swift in Sources */,
				23FD39891CB2CF0D00C8B4A8 /* AppDelegate.swift in Sources */,
				2358DE9C1CB6C5EF00F3BF80 /* SortBy.swift in Sources */,
			);
			runOnlyForDeploymentPostprocessing = 0;
		};
		23FD39981CB2CF0D00C8B4A8 /* Sources */ = {
			isa = PBXSourcesBuildPhase;
			buildActionMask = 2147483647;
			files = (
				23FD39A11CB2CF0D00C8B4A8 /* NoshTests.swift in Sources */,
			);
			runOnlyForDeploymentPostprocessing = 0;
		};
		23FD39A31CB2CF0D00C8B4A8 /* Sources */ = {
			isa = PBXSourcesBuildPhase;
			buildActionMask = 2147483647;
			files = (
				23FD39AC1CB2CF0D00C8B4A8 /* NoshUITests.swift in Sources */,
			);
			runOnlyForDeploymentPostprocessing = 0;
		};
/* End PBXSourcesBuildPhase section */

/* Begin PBXTargetDependency section */
		23FD399E1CB2CF0D00C8B4A8 /* PBXTargetDependency */ = {
			isa = PBXTargetDependency;
			target = 23FD39841CB2CF0D00C8B4A8 /* Nosh */;
			targetProxy = 23FD399D1CB2CF0D00C8B4A8 /* PBXContainerItemProxy */;
		};
		23FD39A91CB2CF0D00C8B4A8 /* PBXTargetDependency */ = {
			isa = PBXTargetDependency;
			target = 23FD39841CB2CF0D00C8B4A8 /* Nosh */;
			targetProxy = 23FD39A81CB2CF0D00C8B4A8 /* PBXContainerItemProxy */;
		};
/* End PBXTargetDependency section */

/* Begin PBXVariantGroup section */
		23FD398C1CB2CF0D00C8B4A8 /* Main.storyboard */ = {
			isa = PBXVariantGroup;
			children = (
				23FD398D1CB2CF0D00C8B4A8 /* Base */,
			);
			name = Main.storyboard;
			sourceTree = "<group>";
		};
		23FD39941CB2CF0D00C8B4A8 /* LaunchScreen.storyboard */ = {
			isa = PBXVariantGroup;
			children = (
				23FD39951CB2CF0D00C8B4A8 /* Base */,
			);
			name = LaunchScreen.storyboard;
			sourceTree = "<group>";
		};
/* End PBXVariantGroup section */

/* Begin XCBuildConfiguration section */
		23FD39AE1CB2CF0D00C8B4A8 /* Debug */ = {
			isa = XCBuildConfiguration;
			buildSettings = {
				ALWAYS_SEARCH_USER_PATHS = NO;
				CLANG_ANALYZER_NONNULL = YES;
				CLANG_CXX_LANGUAGE_STANDARD = "gnu++0x";
				CLANG_CXX_LIBRARY = "libc++";
				CLANG_ENABLE_MODULES = YES;
				CLANG_ENABLE_OBJC_ARC = YES;
				CLANG_WARN_BOOL_CONVERSION = YES;
				CLANG_WARN_CONSTANT_CONVERSION = YES;
				CLANG_WARN_DIRECT_OBJC_ISA_USAGE = YES_ERROR;
				CLANG_WARN_EMPTY_BODY = YES;
				CLANG_WARN_ENUM_CONVERSION = YES;
				CLANG_WARN_INT_CONVERSION = YES;
				CLANG_WARN_OBJC_ROOT_CLASS = YES_ERROR;
				CLANG_WARN_UNREACHABLE_CODE = YES;
				CLANG_WARN__DUPLICATE_METHOD_MATCH = YES;
				"CODE_SIGN_IDENTITY[sdk=iphoneos*]" = "iPhone Developer";
				COPY_PHASE_STRIP = NO;
				DEBUG_INFORMATION_FORMAT = dwarf;
				ENABLE_STRICT_OBJC_MSGSEND = YES;
				ENABLE_TESTABILITY = YES;
				GCC_C_LANGUAGE_STANDARD = gnu99;
				GCC_DYNAMIC_NO_PIC = NO;
				GCC_NO_COMMON_BLOCKS = YES;
				GCC_OPTIMIZATION_LEVEL = 0;
				GCC_PREPROCESSOR_DEFINITIONS = (
					"DEBUG=1",
					"$(inherited)",
				);
				GCC_WARN_64_TO_32_BIT_CONVERSION = YES;
				GCC_WARN_ABOUT_RETURN_TYPE = YES_ERROR;
				GCC_WARN_UNDECLARED_SELECTOR = YES;
				GCC_WARN_UNINITIALIZED_AUTOS = YES_AGGRESSIVE;
				GCC_WARN_UNUSED_FUNCTION = YES;
				GCC_WARN_UNUSED_VARIABLE = YES;
				IPHONEOS_DEPLOYMENT_TARGET = 9.3;
				MTL_ENABLE_DEBUG_INFO = YES;
				ONLY_ACTIVE_ARCH = YES;
				SDKROOT = iphoneos;
				SWIFT_OPTIMIZATION_LEVEL = "-Onone";
				TARGETED_DEVICE_FAMILY = "1,2";
			};
			name = Debug;
		};
		23FD39AF1CB2CF0D00C8B4A8 /* Release */ = {
			isa = XCBuildConfiguration;
			buildSettings = {
				ALWAYS_SEARCH_USER_PATHS = NO;
				CLANG_ANALYZER_NONNULL = YES;
				CLANG_CXX_LANGUAGE_STANDARD = "gnu++0x";
				CLANG_CXX_LIBRARY = "libc++";
				CLANG_ENABLE_MODULES = YES;
				CLANG_ENABLE_OBJC_ARC = YES;
				CLANG_WARN_BOOL_CONVERSION = YES;
				CLANG_WARN_CONSTANT_CONVERSION = YES;
				CLANG_WARN_DIRECT_OBJC_ISA_USAGE = YES_ERROR;
				CLANG_WARN_EMPTY_BODY = YES;
				CLANG_WARN_ENUM_CONVERSION = YES;
				CLANG_WARN_INT_CONVERSION = YES;
				CLANG_WARN_OBJC_ROOT_CLASS = YES_ERROR;
				CLANG_WARN_UNREACHABLE_CODE = YES;
				CLANG_WARN__DUPLICATE_METHOD_MATCH = YES;
				"CODE_SIGN_IDENTITY[sdk=iphoneos*]" = "iPhone Developer";
				COPY_PHASE_STRIP = NO;
				DEBUG_INFORMATION_FORMAT = "dwarf-with-dsym";
				ENABLE_NS_ASSERTIONS = NO;
				ENABLE_STRICT_OBJC_MSGSEND = YES;
				GCC_C_LANGUAGE_STANDARD = gnu99;
				GCC_NO_COMMON_BLOCKS = YES;
				GCC_WARN_64_TO_32_BIT_CONVERSION = YES;
				GCC_WARN_ABOUT_RETURN_TYPE = YES_ERROR;
				GCC_WARN_UNDECLARED_SELECTOR = YES;
				GCC_WARN_UNINITIALIZED_AUTOS = YES_AGGRESSIVE;
				GCC_WARN_UNUSED_FUNCTION = YES;
				GCC_WARN_UNUSED_VARIABLE = YES;
				IPHONEOS_DEPLOYMENT_TARGET = 9.3;
				MTL_ENABLE_DEBUG_INFO = NO;
				SDKROOT = iphoneos;
				TARGETED_DEVICE_FAMILY = "1,2";
				VALIDATE_PRODUCT = YES;
			};
			name = Release;
		};
		23FD39B11CB2CF0D00C8B4A8 /* Debug */ = {
			isa = XCBuildConfiguration;
			buildSettings = {
				ASSETCATALOG_COMPILER_APPICON_NAME = AppIcon;
				CODE_SIGN_IDENTITY = "iPhone Developer";
				"CODE_SIGN_IDENTITY[sdk=iphoneos*]" = "iPhone Developer";
				FRAMEWORK_SEARCH_PATHS = (
					"$(inherited)",
					"$(PROJECT_DIR)/Carthage/Build/iOS",
				);
				INFOPLIST_FILE = Nosh/Info.plist;
				LD_RUNPATH_SEARCH_PATHS = "$(inherited) @executable_path/Frameworks";
				PRODUCT_BUNDLE_IDENTIFIER = com.falquan.Nosh;
				PRODUCT_NAME = "$(TARGET_NAME)";
				PROVISIONING_PROFILE = "";
			};
			name = Debug;
		};
		23FD39B21CB2CF0D00C8B4A8 /* Release */ = {
			isa = XCBuildConfiguration;
			buildSettings = {
				ASSETCATALOG_COMPILER_APPICON_NAME = AppIcon;
				CODE_SIGN_IDENTITY = "iPhone Developer";
				"CODE_SIGN_IDENTITY[sdk=iphoneos*]" = "iPhone Developer";
				FRAMEWORK_SEARCH_PATHS = (
					"$(inherited)",
					"$(PROJECT_DIR)/Carthage/Build/iOS",
				);
				INFOPLIST_FILE = Nosh/Info.plist;
				LD_RUNPATH_SEARCH_PATHS = "$(inherited) @executable_path/Frameworks";
				PRODUCT_BUNDLE_IDENTIFIER = com.falquan.Nosh;
				PRODUCT_NAME = "$(TARGET_NAME)";
				PROVISIONING_PROFILE = "";
			};
			name = Release;
		};
		23FD39B41CB2CF0D00C8B4A8 /* Debug */ = {
			isa = XCBuildConfiguration;
			buildSettings = {
				BUNDLE_LOADER = "$(TEST_HOST)";
				INFOPLIST_FILE = NoshTests/Info.plist;
				LD_RUNPATH_SEARCH_PATHS = "$(inherited) @executable_path/Frameworks @loader_path/Frameworks";
				PRODUCT_BUNDLE_IDENTIFIER = com.falquan.NoshTests;
				PRODUCT_NAME = "$(TARGET_NAME)";
				TEST_HOST = "$(BUILT_PRODUCTS_DIR)/Nosh.app/Nosh";
			};
			name = Debug;
		};
		23FD39B51CB2CF0D00C8B4A8 /* Release */ = {
			isa = XCBuildConfiguration;
			buildSettings = {
				BUNDLE_LOADER = "$(TEST_HOST)";
				INFOPLIST_FILE = NoshTests/Info.plist;
				LD_RUNPATH_SEARCH_PATHS = "$(inherited) @executable_path/Frameworks @loader_path/Frameworks";
				PRODUCT_BUNDLE_IDENTIFIER = com.falquan.NoshTests;
				PRODUCT_NAME = "$(TARGET_NAME)";
				TEST_HOST = "$(BUILT_PRODUCTS_DIR)/Nosh.app/Nosh";
			};
			name = Release;
		};
		23FD39B71CB2CF0D00C8B4A8 /* Debug */ = {
			isa = XCBuildConfiguration;
			buildSettings = {
				INFOPLIST_FILE = NoshUITests/Info.plist;
				LD_RUNPATH_SEARCH_PATHS = "$(inherited) @executable_path/Frameworks @loader_path/Frameworks";
				PRODUCT_BUNDLE_IDENTIFIER = com.falquan.NoshUITests;
				PRODUCT_NAME = "$(TARGET_NAME)";
				TEST_TARGET_NAME = Nosh;
			};
			name = Debug;
		};
		23FD39B81CB2CF0D00C8B4A8 /* Release */ = {
			isa = XCBuildConfiguration;
			buildSettings = {
				INFOPLIST_FILE = NoshUITests/Info.plist;
				LD_RUNPATH_SEARCH_PATHS = "$(inherited) @executable_path/Frameworks @loader_path/Frameworks";
				PRODUCT_BUNDLE_IDENTIFIER = com.falquan.NoshUITests;
				PRODUCT_NAME = "$(TARGET_NAME)";
				TEST_TARGET_NAME = Nosh;
			};
			name = Release;
		};
/* End XCBuildConfiguration section */

/* Begin XCConfigurationList section */
		23FD39801CB2CF0D00C8B4A8 /* Build configuration list for PBXProject "Nosh" */ = {
			isa = XCConfigurationList;
			buildConfigurations = (
				23FD39AE1CB2CF0D00C8B4A8 /* Debug */,
				23FD39AF1CB2CF0D00C8B4A8 /* Release */,
			);
			defaultConfigurationIsVisible = 0;
			defaultConfigurationName = Release;
		};
		23FD39B01CB2CF0D00C8B4A8 /* Build configuration list for PBXNativeTarget "Nosh" */ = {
			isa = XCConfigurationList;
			buildConfigurations = (
				23FD39B11CB2CF0D00C8B4A8 /* Debug */,
				23FD39B21CB2CF0D00C8B4A8 /* Release */,
			);
			defaultConfigurationIsVisible = 0;
			defaultConfigurationName = Release;
		};
		23FD39B31CB2CF0D00C8B4A8 /* Build configuration list for PBXNativeTarget "NoshTests" */ = {
			isa = XCConfigurationList;
			buildConfigurations = (
				23FD39B41CB2CF0D00C8B4A8 /* Debug */,
				23FD39B51CB2CF0D00C8B4A8 /* Release */,
			);
			defaultConfigurationIsVisible = 0;
			defaultConfigurationName = Release;
		};
		23FD39B61CB2CF0D00C8B4A8 /* Build configuration list for PBXNativeTarget "NoshUITests" */ = {
			isa = XCConfigurationList;
			buildConfigurations = (
				23FD39B71CB2CF0D00C8B4A8 /* Debug */,
				23FD39B81CB2CF0D00C8B4A8 /* Release */,
			);
			defaultConfigurationIsVisible = 0;
			defaultConfigurationName = Release;
		};
/* End XCConfigurationList section */

/* Begin XCVersionGroup section */
		23FD398F1CB2CF0D00C8B4A8 /* Nosh.xcdatamodeld */ = {
			isa = XCVersionGroup;
			children = (
				23FD39901CB2CF0D00C8B4A8 /* Nosh.xcdatamodel */,
			);
			currentVersion = 23FD39901CB2CF0D00C8B4A8 /* Nosh.xcdatamodel */;
			path = Nosh.xcdatamodeld;
			sourceTree = "<group>";
			versionGroupType = wrapper.xcdatamodel;
		};
/* End XCVersionGroup section */
	};
	rootObject = 23FD397D1CB2CF0D00C8B4A8 /* Project object */;
}
